
Microsoft Visual Studio Solution File, Format Version 12.00
# Visual Studio 15
VisualStudioVersion = 15.0.28307.489
MinimumVisualStudioVersion = 10.0.40219.1
Project("{9A19103F-16F7-4668-BE54-9A1E7A4F7556}") = "Bits.Core", "Bits.Core\Bits.Core.csproj", "{B82498E7-5996-4B03-8DCE-E0896AFDEA7B}"
EndProject
Project("{9A19103F-16F7-4668-BE54-9A1E7A4F7556}") = "Bits.Test", "Bits.Test\Bits.Test.csproj", "{A8D94BED-3CD8-45AA-BBB3-90CF4E1F5487}"
EndProject
Global
	GlobalSection(SolutionConfigurationPlatforms) = preSolution
		Debug|Any CPU = Debug|Any CPU
		Release|Any CPU = Release|Any CPU
	EndGlobalSection
	GlobalSection(ProjectConfigurationPlatforms) = postSolution
		{B82498E7-5996-4B03-8DCE-E0896AFDEA7B}.Debug|Any CPU.ActiveCfg = Debug|Any CPU
		{B82498E7-5996-4B03-8DCE-E0896AFDEA7B}.Debug|Any CPU.Build.0 = Debug|Any CPU
		{B82498E7-5996-4B03-8DCE-E0896AFDEA7B}.Release|Any CPU.ActiveCfg = Release|Any CPU
		{B82498E7-5996-4B03-8DCE-E0896AFDEA7B}.Release|Any CPU.Build.0 = Release|Any CPU
		{A8D94BED-3CD8-45AA-BBB3-90CF4E1F5487}.Debug|Any CPU.ActiveCfg = Debug|Any CPU
		{A8D94BED-3CD8-45AA-BBB3-90CF4E1F5487}.Debug|Any CPU.Build.0 = Debug|Any CPU
		{A8D94BED-3CD8-45AA-BBB3-90CF4E1F5487}.Release|Any CPU.ActiveCfg = Release|Any CPU
		{A8D94BED-3CD8-45AA-BBB3-90CF4E1F5487}.Release|Any CPU.Build.0 = Release|Any CPU
	EndGlobalSection
	GlobalSection(SolutionProperties) = preSolution
		HideSolutionNode = FALSE
	EndGlobalSection
	GlobalSection(ExtensibilityGlobals) = postSolution
		SolutionGuid = {F646D3F6-F4C2-48D3-A55A-F3EC0536C192}
	EndGlobalSection
EndGlobal
