
Microsoft Visual Studio Solution File, Format Version 12.00
# Visual Studio 15
VisualStudioVersion = 15.0.28307.489
MinimumVisualStudioVersion = 10.0.40219.1
Project("{9A19103F-16F7-4668-BE54-9A1E7A4F7556}") = "Bits.Core", "Bits.Core\Bits.Core.csproj", "{B82498E7-5996-4B03-8DCE-E0896AFDEA7B}"
EndProject
Project("{FAE04EC0-301F-11D3-BF4B-00C04F79EFBC}") = "ConsoleApp1", "ConsoleApp1\ConsoleApp1.csproj", "{46B93998-4331-4AD0-A96C-0038832EDC34}"
EndProject
Global
	GlobalSection(SolutionConfigurationPlatforms) = preSolution
		Debug|Any CPU = Debug|Any CPU
		Release|Any CPU = Release|Any CPU
	EndGlobalSection
	GlobalSection(ProjectConfigurationPlatforms) = postSolution
		{B82498E7-5996-4B03-8DCE-E0896AFDEA7B}.Debug|Any CPU.ActiveCfg = Debug|Any CPU
		{B82498E7-5996-4B03-8DCE-E0896AFDEA7B}.Debug|Any CPU.Build.0 = Debug|Any CPU
		{B82498E7-5996-4B03-8DCE-E0896AFDEA7B}.Release|Any CPU.ActiveCfg = Release|Any CPU
		{B82498E7-5996-4B03-8DCE-E0896AFDEA7B}.Release|Any CPU.Build.0 = Release|Any CPU
		{46B93998-4331-4AD0-A96C-0038832EDC34}.Debug|Any CPU.ActiveCfg = Debug|Any CPU
		{46B93998-4331-4AD0-A96C-0038832EDC34}.Debug|Any CPU.Build.0 = Debug|Any CPU
		{46B93998-4331-4AD0-A96C-0038832EDC34}.Release|Any CPU.ActiveCfg = Release|Any CPU
		{46B93998-4331-4AD0-A96C-0038832EDC34}.Release|Any CPU.Build.0 = Release|Any CPU
	EndGlobalSection
	GlobalSection(SolutionProperties) = preSolution
		HideSolutionNode = FALSE
	EndGlobalSection
	GlobalSection(ExtensibilityGlobals) = postSolution
		SolutionGuid = {F646D3F6-F4C2-48D3-A55A-F3EC0536C192}
	EndGlobalSection
EndGlobal
